{
  "name": "medzen",
  "version": "1.0.0",
  "lockfileVersion": 3,
  "requires": true,
  "packages": {
    "": {
      "name": "medzen",
      "version": "1.0.0",
      "dependencies": {
        "@capacitor/android": "^7.0.0",
        "@capacitor/cli": "^7.0.0",
        "@capacitor/core": "^7.0.0"
      },
      "devDependencies": {}
    },
    "node_modules/@capacitor/android": {
      "version": "7.6.6",
      "resolved": "https://registry.npmjs.org/@capacitor/android/-/android-7.6.6.tgz",
      "integrity": "sha512-PnO8NFjpJJmMINjQQicPwS+hTMWFReIYJcfj8dzb/rRPgElxj+PBJi+6p9X4LUHd2yin8O5FGuqjNOT5BrvWvw==",
      "license": "MIT",
      "peerDependencies": {
        "@capacitor/core": "^7.6.0"
      }
    },
    "node_modules/@capacitor/cli": {
      "version": "7.6.6",
      "resolved": "https://registry.npmjs.org/@capacitor/cli/-/cli-7.6.6.tgz",
      "integrity": "sha512-gZm1c40trhPKi4r6cGdgd/WaW20+yunq5XEmWm/ylHzG6Qd72gAxarihIdXptoxTz4rs9JIU6f60EnTNncvXeQ==",
      "license": "MIT",
      "dependencies": {
        "@ionic/cli-framework-output": "^2.2.8",
        "@ionic/utils-subprocess": "^3.0.1",
        "@ionic/utils-terminal": "^2.3.5",
        "commander": "^12.1.0",
        "debug": "^4.4.0",
        "env-paths": "^2.2.0",
        "fs-extra": "^11.2.0",
        "kleur": "^4.1.5",
        "native-run": "^2.0.3",
        "open": "^8.4.0",
        "plist": "^3.1.0",
        "prompts": "^2.4.2",
        "rimraf": "^6.0.1",
        "semver": "^7.6.3",
        "tar": "^7.5.3",
        "tslib": "^2.8.1",
        "xml2js": "^0.6.2"
      },
      "bin": {
        "cap": "bin/capacitor",
        "capacitor": "bin/capacitor"
      },
      "engines": {
        "node": ">=20.0.0"
      }
    },
    "node_modules/@capacitor/core": {
      "version": "7.6.6",
      "resolved": "https://registry.npmjs.org/@capacitor/core/-/core-7.6.6.tgz",
      "integrity": "sha512-TCxNTpi9bWlM31n8hkLKGrugDGcgJpSqafpDoEEn/Hj6KWxjxes7m0ASfrZ2pOmsqMNGjE6bYGZr905CueVAIw==",
      "license": "MIT",
      "dependencies": {
        "tslib": "^2.1.0"
      }
    },
    "node_modules/@ionic/cli-framework-output": {
      "version": "2.2.8",
      "resolved": "https://registry.npmjs.org/@ionic/cli-framework-output/-/cli-framework-output-2.2.8.tgz",
      "integrity": "sha512-TshtaFQsovB4NWRBydbNFawql6yul7d5bMiW1WYYf17hd99V6xdDdk3vtF51bw6sLkxON3bDQpWsnUc9/hVo3g==",
      "license": "MIT",
      "dependencies": {
        "@ionic/utils-terminal": "2.3.5",
        "debug": "^4.0.0",
        "tslib": "^2.0.1"
      },
      "engines": {
        "node": ">=16.0.0"
      }
    }
  }
}
